
Microsoft Visual Studio Solution File, Format Version 12.00
# Visual Studio Version 17
VisualStudioVersion = 17.14.36603.0
MinimumVisualStudioVersion = 10.0.40219.1
Project("{9A19103F-16F7-4668-BE54-9A1E7A4F7556}") = "IGCLWrapper", "IGCLWrapper\IGCLWrapper.csproj", "{BBC7D129-1A0B-459C-9272-A5D801C39245}"
EndProject
Project("{9A19103F-16F7-4668-BE54-9A1E7A4F7556}") = "IGCLWrapper.Tests", "IGCLWrapper.Tests\IGCLWrapper.Tests.csproj", "{2DB79533-049C-4579-C8BD-5012934D8160}"
	ProjectSection(ProjectDependencies) = postProject
		{BBC7D129-1A0B-459C-9272-A5D801C39245} = {BBC7D129-1A0B-459C-9272-A5D801C39245}
	EndProjectSection
EndProject
Global
	GlobalSection(SolutionConfigurationPlatforms) = preSolution
		Debug|Any CPU = Debug|Any CPU
		Debug|Any CPU
		
		Release|Any CPU = Release|Any CPU
		Release|Any CPU
		
	EndGlobalSection
	GlobalSection(ProjectConfigurationPlatforms) = postSolution
		{BBC7D129-1A0B-459C-9272-A5D801C39245}.Debug|Any CPU.ActiveCfg = Debug|Any CPU
		{BBC7D129-1A0B-459C-9272-A5D801C39245}.Debug|Any CPU.Build.0 = Debug|Any CPU
		{BBC7D129-1A0B-459C-9272-A5D801C39245}.Debug|Any CPU
		{BBC7D129-1A0B-459C-9272-A5D801C39245}.Debug|Any CPU
		{BBC7D129-1A0B-459C-9272-A5D801C39245}.
		{BBC7D129-1A0B-459C-9272-A5D801C39245}.
		{BBC7D129-1A0B-459C-9272-A5D801C39245}.Release|Any CPU.ActiveCfg = Release|Any CPU
		{BBC7D129-1A0B-459C-9272-A5D801C39245}.Release|Any CPU.Build.0 = Release|Any CPU
		{BBC7D129-1A0B-459C-9272-A5D801C39245}.Release|Any CPU
		{BBC7D129-1A0B-459C-9272-A5D801C39245}.Release|Any CPU
		{BBC7D129-1A0B-459C-9272-A5D801C39245}.
		{BBC7D129-1A0B-459C-9272-A5D801C39245}.
		{2DB79533-049C-4579-C8BD-5012934D8160}.Debug|Any CPU.ActiveCfg = Debug|Any CPU
		{2DB79533-049C-4579-C8BD-5012934D8160}.Debug|Any CPU.Build.0 = Debug|Any CPU
		{2DB79533-049C-4579-C8BD-5012934D8160}.Debug|Any CPU
		{2DB79533-049C-4579-C8BD-5012934D8160}.Debug|Any CPU
		{2DB79533-049C-4579-C8BD-5012934D8160}.
		{2DB79533-049C-4579-C8BD-5012934D8160}.
		{2DB79533-049C-4579-C8BD-5012934D8160}.Release|Any CPU.ActiveCfg = Release|Any CPU
		{2DB79533-049C-4579-C8BD-5012934D8160}.Release|Any CPU.Build.0 = Release|Any CPU
		{2DB79533-049C-4579-C8BD-5012934D8160}.Release|Any CPU
		{2DB79533-049C-4579-C8BD-5012934D8160}.Release|Any CPU
		{2DB79533-049C-4579-C8BD-5012934D8160}.
		{2DB79533-049C-4579-C8BD-5012934D8160}.
	EndGlobalSection
	GlobalSection(SolutionProperties) = preSolution
		HideSolutionNode = FALSE
	EndGlobalSection
	GlobalSection(ExtensibilityGlobals) = postSolution
		SolutionGuid = {C6D377CF-3E6D-42D4-A55F-0C834FFAE085}
	EndGlobalSection
EndGlobal
