
Microsoft Visual Studio Solution File, Format Version 12.00
# Visual Studio Version 17
VisualStudioVersion = 17.0.31903.59
MinimumVisualStudioVersion = 10.0.40219.1
Project("{2150E333-8FDC-42A3-9474-1A3956D46DE8}") = "1-GettingStarted", "1-GettingStarted", "{A748EEE5-AB4E-8E2B-20C8-58832F37E56A}"
EndProject
Project("{FAE04EC0-301F-11D3-BF4B-00C04F79EFBC}") = "GettingStarted", "1-GettingStarted\GettingStarted.csproj", "{258312BB-DBF1-49D9-A251-FE4A77B4AF21}"
EndProject
Project("{FAE04EC0-301F-11D3-BF4B-00C04F79EFBC}") = "IGCLWrapper", "..\IGCLWrapper\IGCLWrapper.csproj", "{23D8668D-9646-481C-93BC-9BC01C07E1C5}"
EndProject
Project("{2150E333-8FDC-42A3-9474-1A3956D46DE8}") = "2-DisplayInformation", "2-DisplayInformation", "{C270E3A1-64FE-10C6-8038-10C9F79310F2}"
EndProject
Project("{FAE04EC0-301F-11D3-BF4B-00C04F79EFBC}") = "DisplayInformation", "2-DisplayInformation\DisplayInformation.csproj", "{2A331510-DBA5-434C-B3D6-56B4314476B4}"
EndProject
Project("{2150E333-8FDC-42A3-9474-1A3956D46DE8}") = "3-GpuMonitoring", "3-GpuMonitoring", "{A207E236-544C-1A54-C4BD-44479CC1130C}"
EndProject
Project("{FAE04EC0-301F-11D3-BF4B-00C04F79EFBC}") = "GpuMonitoring", "3-GpuMonitoring\GpuMonitoring.csproj", "{A1777459-C61D-4E37-BB00-97F3CBD478C0}"
EndProject
Project("{2150E333-8FDC-42A3-9474-1A3956D46DE8}") = "4-FanControl", "4-FanControl", "{A675357E-1A13-A42C-D2D5-A76818E461EA}"
EndProject
Project("{FAE04EC0-301F-11D3-BF4B-00C04F79EFBC}") = "FanControl", "4-FanControl\FanControl.csproj", "{58D84A94-C10E-40D0-9F42-A972B47ADCFC}"
EndProject
Project("{2150E333-8FDC-42A3-9474-1A3956D46DE8}") = "5-MemoryInfo", "5-MemoryInfo", "{873FDED1-3205-B56D-2427-6F2D61C42126}"
EndProject
Project("{FAE04EC0-301F-11D3-BF4B-00C04F79EFBC}") = "MemoryInfo", "5-MemoryInfo\MemoryInfo.csproj", "{214AC100-F7C8-479D-ADC7-A7C886FCEA5B}"
EndProject
Project("{2150E333-8FDC-42A3-9474-1A3956D46DE8}") = "6-RealTimeMonitor", "6-RealTimeMonitor", "{C9147C23-27E1-8D51-A9CA-7465BE367165}"
EndProject
Project("{FAE04EC0-301F-11D3-BF4B-00C04F79EFBC}") = "RealTimeMonitor", "6-RealTimeMonitor\RealTimeMonitor.csproj", "{CB5ADF6E-2565-46E8-B63E-802A3D43BE68}"
EndProject
Project("{2150E333-8FDC-42A3-9474-1A3956D46DE8}") = "7-AdvancedFeatures", "7-AdvancedFeatures", "{CD0888DC-7021-940B-1DF1-7E58AF7F4700}"
EndProject
Project("{FAE04EC0-301F-11D3-BF4B-00C04F79EFBC}") = "AdvancedFeatures", "7-AdvancedFeatures\AdvancedFeatures.csproj", "{BFA58592-F2AB-415E-A96D-0917BA70A891}"
EndProject
Global
	GlobalSection(SolutionConfigurationPlatforms) = preSolution
		Debug|Any CPU = Debug|Any CPU
		Debug|x64 = Debug|x64
		Debug|x86 = Debug|x86
		Release|Any CPU = Release|Any CPU
		Release|x64 = Release|x64
		Release|x86 = Release|x86
	EndGlobalSection
	GlobalSection(ProjectConfigurationPlatforms) = postSolution
		{258312BB-DBF1-49D9-A251-FE4A77B4AF21}.Debug|Any CPU.ActiveCfg = Debug|Any CPU
		{258312BB-DBF1-49D9-A251-FE4A77B4AF21}.Debug|Any CPU.Build.0 = Debug|Any CPU
		{258312BB-DBF1-49D9-A251-FE4A77B4AF21}.Debug|x64.ActiveCfg = Debug|Any CPU
		{258312BB-DBF1-49D9-A251-FE4A77B4AF21}.Debug|x64.Build.0 = Debug|Any CPU
		{258312BB-DBF1-49D9-A251-FE4A77B4AF21}.Debug|x86.ActiveCfg = Debug|Any CPU
		{258312BB-DBF1-49D9-A251-FE4A77B4AF21}.Debug|x86.Build.0 = Debug|Any CPU
		{258312BB-DBF1-49D9-A251-FE4A77B4AF21}.Release|Any CPU.ActiveCfg = Release|Any CPU
		{258312BB-DBF1-49D9-A251-FE4A77B4AF21}.Release|Any CPU.Build.0 = Release|Any CPU
		{258312BB-DBF1-49D9-A251-FE4A77B4AF21}.Release|x64.ActiveCfg = Release|Any CPU
		{258312BB-DBF1-49D9-A251-FE4A77B4AF21}.Release|x64.Build.0 = Release|Any CPU
		{258312BB-DBF1-49D9-A251-FE4A77B4AF21}.Release|x86.ActiveCfg = Release|Any CPU
		{258312BB-DBF1-49D9-A251-FE4A77B4AF21}.Release|x86.Build.0 = Release|Any CPU
		{23D8668D-9646-481C-93BC-9BC01C07E1C5}.Debug|Any CPU.ActiveCfg = Debug|Any CPU
		{23D8668D-9646-481C-93BC-9BC01C07E1C5}.Debug|Any CPU.Build.0 = Debug|Any CPU
		{23D8668D-9646-481C-93BC-9BC01C07E1C5}.Debug|x64.ActiveCfg = Debug|Any CPU
		{23D8668D-9646-481C-93BC-9BC01C07E1C5}.Debug|x64.Build.0 = Debug|Any CPU
		{23D8668D-9646-481C-93BC-9BC01C07E1C5}.Debug|x86.ActiveCfg = Debug|Any CPU
		{23D8668D-9646-481C-93BC-9BC01C07E1C5}.Debug|x86.Build.0 = Debug|Any CPU
		{23D8668D-9646-481C-93BC-9BC01C07E1C5}.Release|Any CPU.ActiveCfg = Release|Any CPU
		{23D8668D-9646-481C-93BC-9BC01C07E1C5}.Release|Any CPU.Build.0 = Release|Any CPU
		{23D8668D-9646-481C-93BC-9BC01C07E1C5}.Release|x64.ActiveCfg = Release|Any CPU
		{23D8668D-9646-481C-93BC-9BC01C07E1C5}.Release|x64.Build.0 = Release|Any CPU
		{23D8668D-9646-481C-93BC-9BC01C07E1C5}.Release|x86.ActiveCfg = Release|Any CPU
		{23D8668D-9646-481C-93BC-9BC01C07E1C5}.Release|x86.Build.0 = Release|Any CPU
		{2A331510-DBA5-434C-B3D6-56B4314476B4}.Debug|Any CPU.ActiveCfg = Debug|Any CPU
		{2A331510-DBA5-434C-B3D6-56B4314476B4}.Debug|Any CPU.Build.0 = Debug|Any CPU
		{2A331510-DBA5-434C-B3D6-56B4314476B4}.Debug|x64.ActiveCfg = Debug|Any CPU
		{2A331510-DBA5-434C-B3D6-56B4314476B4}.Debug|x64.Build.0 = Debug|Any CPU
		{2A331510-DBA5-434C-B3D6-56B4314476B4}.Debug|x86.ActiveCfg = Debug|Any CPU
		{2A331510-DBA5-434C-B3D6-56B4314476B4}.Debug|x86.Build.0 = Debug|Any CPU
		{2A331510-DBA5-434C-B3D6-56B4314476B4}.Release|Any CPU.ActiveCfg = Release|Any CPU
		{2A331510-DBA5-434C-B3D6-56B4314476B4}.Release|Any CPU.Build.0 = Release|Any CPU
		{2A331510-DBA5-434C-B3D6-56B4314476B4}.Release|x64.ActiveCfg = Release|Any CPU
		{2A331510-DBA5-434C-B3D6-56B4314476B4}.Release|x64.Build.0 = Release|Any CPU
		{2A331510-DBA5-434C-B3D6-56B4314476B4}.Release|x86.ActiveCfg = Release|Any CPU
		{2A331510-DBA5-434C-B3D6-56B4314476B4}.Release|x86.Build.0 = Release|Any CPU
		{A1777459-C61D-4E37-BB00-97F3CBD478C0}.Debug|Any CPU.ActiveCfg = Debug|Any CPU
		{A1777459-C61D-4E37-BB00-97F3CBD478C0}.Debug|Any CPU.Build.0 = Debug|Any CPU
		{A1777459-C61D-4E37-BB00-97F3CBD478C0}.Debug|x64.ActiveCfg = Debug|Any CPU
		{A1777459-C61D-4E37-BB00-97F3CBD478C0}.Debug|x64.Build.0 = Debug|Any CPU
		{A1777459-C61D-4E37-BB00-97F3CBD478C0}.Debug|x86.ActiveCfg = Debug|Any CPU
		{A1777459-C61D-4E37-BB00-97F3CBD478C0}.Debug|x86.Build.0 = Debug|Any CPU
		{A1777459-C61D-4E37-BB00-97F3CBD478C0}.Release|Any CPU.ActiveCfg = Release|Any CPU
		{A1777459-C61D-4E37-BB00-97F3CBD478C0}.Release|Any CPU.Build.0 = Release|Any CPU
		{A1777459-C61D-4E37-BB00-97F3CBD478C0}.Release|x64.ActiveCfg = Release|Any CPU
		{A1777459-C61D-4E37-BB00-97F3CBD478C0}.Release|x64.Build.0 = Release|Any CPU
		{A1777459-C61D-4E37-BB00-97F3CBD478C0}.Release|x86.ActiveCfg = Release|Any CPU
		{A1777459-C61D-4E37-BB00-97F3CBD478C0}.Release|x86.Build.0 = Release|Any CPU
		{58D84A94-C10E-40D0-9F42-A972B47ADCFC}.Debug|Any CPU.ActiveCfg = Debug|Any CPU
		{58D84A94-C10E-40D0-9F42-A972B47ADCFC}.Debug|Any CPU.Build.0 = Debug|Any CPU
		{58D84A94-C10E-40D0-9F42-A972B47ADCFC}.Debug|x64.ActiveCfg = Debug|Any CPU
		{58D84A94-C10E-40D0-9F42-A972B47ADCFC}.Debug|x64.Build.0 = Debug|Any CPU
		{58D84A94-C10E-40D0-9F42-A972B47ADCFC}.Debug|x86.ActiveCfg = Debug|Any CPU
		{58D84A94-C10E-40D0-9F42-A972B47ADCFC}.Debug|x86.Build.0 = Debug|Any CPU
		{58D84A94-C10E-40D0-9F42-A972B47ADCFC}.Release|Any CPU.ActiveCfg = Release|Any CPU
		{58D84A94-C10E-40D0-9F42-A972B47ADCFC}.Release|Any CPU.Build.0 = Release|Any CPU
		{58D84A94-C10E-40D0-9F42-A972B47ADCFC}.Release|x64.ActiveCfg = Release|Any CPU
		{58D84A94-C10E-40D0-9F42-A972B47ADCFC}.Release|x64.Build.0 = Release|Any CPU
		{58D84A94-C10E-40D0-9F42-A972B47ADCFC}.Release|x86.ActiveCfg = Release|Any CPU
		{58D84A94-C10E-40D0-9F42-A972B47ADCFC}.Release|x86.Build.0 = Release|Any CPU
		{214AC100-F7C8-479D-ADC7-A7C886FCEA5B}.Debug|Any CPU.ActiveCfg = Debug|Any CPU
		{214AC100-F7C8-479D-ADC7-A7C886FCEA5B}.Debug|Any CPU.Build.0 = Debug|Any CPU
		{214AC100-F7C8-479D-ADC7-A7C886FCEA5B}.Debug|x64.ActiveCfg = Debug|Any CPU
		{214AC100-F7C8-479D-ADC7-A7C886FCEA5B}.Debug|x64.Build.0 = Debug|Any CPU
		{214AC100-F7C8-479D-ADC7-A7C886FCEA5B}.Debug|x86.ActiveCfg = Debug|Any CPU
		{214AC100-F7C8-479D-ADC7-A7C886FCEA5B}.Debug|x86.Build.0 = Debug|Any CPU
		{214AC100-F7C8-479D-ADC7-A7C886FCEA5B}.Release|Any CPU.ActiveCfg = Release|Any CPU
		{214AC100-F7C8-479D-ADC7-A7C886FCEA5B}.Release|Any CPU.Build.0 = Release|Any CPU
		{214AC100-F7C8-479D-ADC7-A7C886FCEA5B}.Release|x64.ActiveCfg = Release|Any CPU
		{214AC100-F7C8-479D-ADC7-A7C886FCEA5B}.Release|x64.Build.0 = Release|Any CPU
		{214AC100-F7C8-479D-ADC7-A7C886FCEA5B}.Release|x86.ActiveCfg = Release|Any CPU
		{214AC100-F7C8-479D-ADC7-A7C886FCEA5B}.Release|x86.Build.0 = Release|Any CPU
		{CB5ADF6E-2565-46E8-B63E-802A3D43BE68}.Debug|Any CPU.ActiveCfg = Debug|Any CPU
		{CB5ADF6E-2565-46E8-B63E-802A3D43BE68}.Debug|Any CPU.Build.0 = Debug|Any CPU
		{CB5ADF6E-2565-46E8-B63E-802A3D43BE68}.Debug|x64.ActiveCfg = Debug|Any CPU
		{CB5ADF6E-2565-46E8-B63E-802A3D43BE68}.Debug|x64.Build.0 = Debug|Any CPU
		{CB5ADF6E-2565-46E8-B63E-802A3D43BE68}.Debug|x86.ActiveCfg = Debug|Any CPU
		{CB5ADF6E-2565-46E8-B63E-802A3D43BE68}.Debug|x86.Build.0 = Debug|Any CPU
		{CB5ADF6E-2565-46E8-B63E-802A3D43BE68}.Release|Any CPU.ActiveCfg = Release|Any CPU
		{CB5ADF6E-2565-46E8-B63E-802A3D43BE68}.Release|Any CPU.Build.0 = Release|Any CPU
		{CB5ADF6E-2565-46E8-B63E-802A3D43BE68}.Release|x64.ActiveCfg = Release|Any CPU
		{CB5ADF6E-2565-46E8-B63E-802A3D43BE68}.Release|x64.Build.0 = Release|Any CPU
		{CB5ADF6E-2565-46E8-B63E-802A3D43BE68}.Release|x86.ActiveCfg = Release|Any CPU
		{CB5ADF6E-2565-46E8-B63E-802A3D43BE68}.Release|x86.Build.0 = Release|Any CPU
		{BFA58592-F2AB-415E-A96D-0917BA70A891}.Debug|Any CPU.ActiveCfg = Debug|Any CPU
		{BFA58592-F2AB-415E-A96D-0917BA70A891}.Debug|Any CPU.Build.0 = Debug|Any CPU
		{BFA58592-F2AB-415E-A96D-0917BA70A891}.Debug|x64.ActiveCfg = Debug|Any CPU
		{BFA58592-F2AB-415E-A96D-0917BA70A891}.Debug|x64.Build.0 = Debug|Any CPU
		{BFA58592-F2AB-415E-A96D-0917BA70A891}.Debug|x86.ActiveCfg = Debug|Any CPU
		{BFA58592-F2AB-415E-A96D-0917BA70A891}.Debug|x86.Build.0 = Debug|Any CPU
		{BFA58592-F2AB-415E-A96D-0917BA70A891}.Release|Any CPU.ActiveCfg = Release|Any CPU
		{BFA58592-F2AB-415E-A96D-0917BA70A891}.Release|Any CPU.Build.0 = Release|Any CPU
		{BFA58592-F2AB-415E-A96D-0917BA70A891}.Release|x64.ActiveCfg = Release|Any CPU
		{BFA58592-F2AB-415E-A96D-0917BA70A891}.Release|x64.Build.0 = Release|Any CPU
		{BFA58592-F2AB-415E-A96D-0917BA70A891}.Release|x86.ActiveCfg = Release|Any CPU
		{BFA58592-F2AB-415E-A96D-0917BA70A891}.Release|x86.Build.0 = Release|Any CPU
	EndGlobalSection
	GlobalSection(SolutionProperties) = preSolution
		HideSolutionNode = FALSE
	EndGlobalSection
	GlobalSection(NestedProjects) = preSolution
		{258312BB-DBF1-49D9-A251-FE4A77B4AF21} = {A748EEE5-AB4E-8E2B-20C8-58832F37E56A}
		{2A331510-DBA5-434C-B3D6-56B4314476B4} = {C270E3A1-64FE-10C6-8038-10C9F79310F2}
		{A1777459-C61D-4E37-BB00-97F3CBD478C0} = {A207E236-544C-1A54-C4BD-44479CC1130C}
		{58D84A94-C10E-40D0-9F42-A972B47ADCFC} = {A675357E-1A13-A42C-D2D5-A76818E461EA}
		{214AC100-F7C8-479D-ADC7-A7C886FCEA5B} = {873FDED1-3205-B56D-2427-6F2D61C42126}
		{CB5ADF6E-2565-46E8-B63E-802A3D43BE68} = {C9147C23-27E1-8D51-A9CA-7465BE367165}
		{BFA58592-F2AB-415E-A96D-0917BA70A891} = {CD0888DC-7021-940B-1DF1-7E58AF7F4700}
	EndGlobalSection
EndGlobal
