
Microsoft Visual Studio Solution File, Format Version 12.00
# Visual Studio Version 17
VisualStudioVersion = 17.14.36603.0 d17.14
MinimumVisualStudioVersion = 10.0.40219.1
Project("{8BC9CEB8-8B4A-11D0-8D11-00A0C91BC942}") = "IGCLWrapper", "IGCLWrapper.vcxproj", "{BBC7D129-1A0B-459C-9272-A5D801C39245}"
EndProject
Global
	GlobalSection(SolutionConfigurationPlatforms) = preSolution
		Debug|x64 = Debug|x64
		Debug|x86 = Debug|x86
		Release|x64 = Release|x64
		Release|x86 = Release|x86
	EndGlobalSection
	GlobalSection(ProjectConfigurationPlatforms) = postSolution
		{BBC7D129-1A0B-459C-9272-A5D801C39245}.Debug|x64.ActiveCfg = Debug|x64
		{BBC7D129-1A0B-459C-9272-A5D801C39245}.Debug|x64.Build.0 = Debug|x64
		{BBC7D129-1A0B-459C-9272-A5D801C39245}.Debug|x86.ActiveCfg = Debug|Win32
		{BBC7D129-1A0B-459C-9272-A5D801C39245}.Debug|x86.Build.0 = Debug|Win32
		{BBC7D129-1A0B-459C-9272-A5D801C39245}.Release|x64.ActiveCfg = Release|x64
		{BBC7D129-1A0B-459C-9272-A5D801C39245}.Release|x64.Build.0 = Release|x64
		{BBC7D129-1A0B-459C-9272-A5D801C39245}.Release|x86.ActiveCfg = Release|Win32
		{BBC7D129-1A0B-459C-9272-A5D801C39245}.Release|x86.Build.0 = Release|Win32
	EndGlobalSection
	GlobalSection(SolutionProperties) = preSolution
		HideSolutionNode = FALSE
	EndGlobalSection
	GlobalSection(ExtensibilityGlobals) = postSolution
		SolutionGuid = {C6D377CF-3E6D-42D4-A55F-0C834FFAE085}
	EndGlobalSection
EndGlobal
